
Microsoft Visual Studio Solution File, Format Version 12.00
# Visual Studio Version 16
VisualStudioVersion = 16.0.29911.84
MinimumVisualStudioVersion = 10.0.40219.1
Project("{FAE04EC0-301F-11D3-BF4B-00C04F79EFBC}") = "Online Shopping", "Online Shopping\Online Shopping.csproj", "{B7942F40-1AC4-45A2-9AA7-871BD1FDC415}"
EndProject
Project("{FAE04EC0-301F-11D3-BF4B-00C04F79EFBC}") = "Online Shopping.Repository", "Online Shopping.Repository\Online Shopping.Repository.csproj", "{EE9D80C9-2C05-4B6C-9673-0992C1376092}"
EndProject
Project("{FAE04EC0-301F-11D3-BF4B-00C04F79EFBC}") = "Online Shopping.DomainModel", "Online Shopping.DomainModel\Online Shopping.DomainModel.csproj", "{69C2F925-CFCB-477E-997E-EE359B0A0B70}"
EndProject
Project("{FAE04EC0-301F-11D3-BF4B-00C04F79EFBC}") = "Online Shopping.ServiceLayer", "Online Shopping.ServiceLayer\Online Shopping.ServiceLayer.csproj", "{E6467479-6073-4563-803E-A3E3C8344652}"
EndProject
Project("{FAE04EC0-301F-11D3-BF4B-00C04F79EFBC}") = "Online Shopping.ViewModel", "Online Shopping.ViewModel\Online Shopping.ViewModel.csproj", "{022C5392-D578-4C9B-9084-BFD26DCBA1A4}"
EndProject
Global
	GlobalSection(SolutionConfigurationPlatforms) = preSolution
		Debug|Any CPU = Debug|Any CPU
		Release|Any CPU = Release|Any CPU
	EndGlobalSection
	GlobalSection(ProjectConfigurationPlatforms) = postSolution
		{B7942F40-1AC4-45A2-9AA7-871BD1FDC415}.Debug|Any CPU.ActiveCfg = Debug|Any CPU
		{B7942F40-1AC4-45A2-9AA7-871BD1FDC415}.Debug|Any CPU.Build.0 = Debug|Any CPU
		{B7942F40-1AC4-45A2-9AA7-871BD1FDC415}.Release|Any CPU.ActiveCfg = Release|Any CPU
		{B7942F40-1AC4-45A2-9AA7-871BD1FDC415}.Release|Any CPU.Build.0 = Release|Any CPU
		{EE9D80C9-2C05-4B6C-9673-0992C1376092}.Debug|Any CPU.ActiveCfg = Debug|Any CPU
		{EE9D80C9-2C05-4B6C-9673-0992C1376092}.Debug|Any CPU.Build.0 = Debug|Any CPU
		{EE9D80C9-2C05-4B6C-9673-0992C1376092}.Release|Any CPU.ActiveCfg = Release|Any CPU
		{EE9D80C9-2C05-4B6C-9673-0992C1376092}.Release|Any CPU.Build.0 = Release|Any CPU
		{69C2F925-CFCB-477E-997E-EE359B0A0B70}.Debug|Any CPU.ActiveCfg = Debug|Any CPU
		{69C2F925-CFCB-477E-997E-EE359B0A0B70}.Debug|Any CPU.Build.0 = Debug|Any CPU
		{69C2F925-CFCB-477E-997E-EE359B0A0B70}.Release|Any CPU.ActiveCfg = Release|Any CPU
		{69C2F925-CFCB-477E-997E-EE359B0A0B70}.Release|Any CPU.Build.0 = Release|Any CPU
		{E6467479-6073-4563-803E-A3E3C8344652}.Debug|Any CPU.ActiveCfg = Debug|Any CPU
		{E6467479-6073-4563-803E-A3E3C8344652}.Debug|Any CPU.Build.0 = Debug|Any CPU
		{E6467479-6073-4563-803E-A3E3C8344652}.Release|Any CPU.ActiveCfg = Release|Any CPU
		{E6467479-6073-4563-803E-A3E3C8344652}.Release|Any CPU.Build.0 = Release|Any CPU
		{022C5392-D578-4C9B-9084-BFD26DCBA1A4}.Debug|Any CPU.ActiveCfg = Debug|Any CPU
		{022C5392-D578-4C9B-9084-BFD26DCBA1A4}.Debug|Any CPU.Build.0 = Debug|Any CPU
		{022C5392-D578-4C9B-9084-BFD26DCBA1A4}.Release|Any CPU.ActiveCfg = Release|Any CPU
		{022C5392-D578-4C9B-9084-BFD26DCBA1A4}.Release|Any CPU.Build.0 = Release|Any CPU
	EndGlobalSection
	GlobalSection(SolutionProperties) = preSolution
		HideSolutionNode = FALSE
	EndGlobalSection
	GlobalSection(ExtensibilityGlobals) = postSolution
		SolutionGuid = {EE96B6FD-3D1D-4D32-9FD4-C560D00A1112}
	EndGlobalSection
EndGlobal
